<?xml version="1.0" encoding="utf-8"?>
<Project ToolsVersion="4.0" xmlns="http://schemas.microsoft.com/developer/msbuild/2003">
  <ItemGroup>
    <Filter Include="sources">
      <UniqueIdentifier>{4FC737F1-C7A5-4376-A066-2A32D752A2FF}</UniqueIdentifier>
      <Extensions>cpp;c;cc;cxx;def;odl;idl;hpj;bat;asm;asmx</Extensions>
    </Filter>
    <Filter Include="Header">
      <UniqueIdentifier>{493158eb-cf6f-4d03-bcd0-c7f2ca7e0ebf}</UniqueIdentifier>
    </Filter>
    <Filter Include="Header\Figures">
      <UniqueIdentifier>{e597ef26-8251-4cec-a1d8-5f64e784b105}</UniqueIdentifier>
    </Filter>
    <Filter Include="sources\Figures">
      <UniqueIdentifier>{7f7346c3-029a-489d-bdbe-6e3da9059c8c}</UniqueIdentifier>
    </Filter>
    <Filter Include="Header\CreatorF">
      <UniqueIdentifier>{8c5831c7-cef3-44a8-bec0-62be180b1c0a}</UniqueIdentifier>
    </Filter>
    <Filter Include="sources\CreatorF">
      <UniqueIdentifier>{4320b045-7f82-4cee-a28c-90905c42a4b6}</UniqueIdentifier>
    </Filter>
  </ItemGroup>
  <ItemGroup>
    <ClCompile Include="BaseApp.cpp">
      <Filter>sources</Filter>
    </ClCompile>
    <ClCompile Include="main.cpp">
      <Filter>sources</Filter>
    </ClCompile>
    <ClCompile Include="Game.cpp">
      <Filter>sources</Filter>
    </ClCompile>
    <ClCompile Include="Figure_Parent.cpp">
      <Filter>sources\Figures</Filter>
    </ClCompile>
    <ClCompile Include="Block.cpp">
      <Filter>sources\Figures</Filter>
    </ClCompile>
    <ClCompile Include="Figure_T1.cpp">
      <Filter>sources\Figures</Filter>
    </ClCompile>
    <ClCompile Include="Figure_T2.cpp">
      <Filter>sources\Figures</Filter>
    </ClCompile>
    <ClCompile Include="Figure_T3.cpp">
      <Filter>sources\Figures</Filter>
    </ClCompile>
    <ClCompile Include="Figure_T4.cpp">
      <Filter>sources\Figures</Filter>
    </ClCompile>
    <ClCompile Include="Figure_T5.cpp">
      <Filter>sources\Figures</Filter>
    </ClCompile>
    <ClCompile Include="Figure_T6.cpp">
      <Filter>sources\Figures</Filter>
    </ClCompile>
    <ClCompile Include="Figure_T7.cpp">
      <Filter>sources\Figures</Filter>
    </ClCompile>
    <ClCompile Include="Creator.cpp">
      <Filter>sources\CreatorF</Filter>
    </ClCompile>
  </ItemGroup>
  <ItemGroup>
    <ClInclude Include="BaseApp.h">
      <Filter>Header</Filter>
    </ClInclude>
    <ClInclude Include="PerformanceCounter.h">
      <Filter>Header</Filter>
    </ClInclude>
    <ClInclude Include="Game.h">
      <Filter>Header</Filter>
    </ClInclude>
    <ClInclude Include="Enums.h">
      <Filter>Header</Filter>
    </ClInclude>
    <ClInclude Include="Block.h">
      <Filter>Header\Figures</Filter>
    </ClInclude>
    <ClInclude Include="Figure_Parent.h">
      <Filter>Header\Figures</Filter>
    </ClInclude>
    <ClInclude Include="Figure_T1.h">
      <Filter>Header\Figures</Filter>
    </ClInclude>
    <ClInclude Include="Figure_T2.h">
      <Filter>Header\Figures</Filter>
    </ClInclude>
    <ClInclude Include="Figure_T3.h">
      <Filter>Header\Figures</Filter>
    </ClInclude>
    <ClInclude Include="Figure_T4.h">
      <Filter>Header\Figures</Filter>
    </ClInclude>
    <ClInclude Include="Figure_T5.h">
      <Filter>Header\Figures</Filter>
    </ClInclude>
    <ClInclude Include="Figure_T6.h">
      <Filter>Header\Figures</Filter>
    </ClInclude>
    <ClInclude Include="Figure_T7.h">
      <Filter>Header\Figures</Filter>
    </ClInclude>
    <ClInclude Include="Creator.h">
      <Filter>Header\CreatorF</Filter>
    </ClInclude>
  </ItemGroup>
</Project>